// !$*UTF8*$!
{
	archiveVersion = 1;
	classes = {
	};
	objectVersion = 46;
	objects = {

/* Begin PBXBuildFile section */
		466311B34D609159F05CD236 /* Pods_connectFinal.framework in Frameworks */ = {isa = PBXBuildFile; fileRef = 1671B914994E37E30B177345 /* Pods_connectFinal.framework */; };
		550DBA6B1D19C83100091851 /* locationTypeCell.swift in Sources */ = {isa = PBXBuildFile; fileRef = 550DBA6A1D19C83100091851 /* locationTypeCell.swift */; };
		550DBA6D1D19D04C00091851 /* resultTableViewCell.swift in Sources */ = {isa = PBXBuildFile; fileRef = 550DBA6C1D19D04C00091851 /* resultTableViewCell.swift */; };
		550DBA6F1D19D20F00091851 /* resultsTableView.swift in Sources */ = {isa = PBXBuildFile; fileRef = 550DBA6E1D19D20F00091851 /* resultsTableView.swift */; };
		550DBA741D19DE1800091851 /* noImageResultCell.swift in Sources */ = {isa = PBXBuildFile; fileRef = 550DBA731D19DE1800091851 /* noImageResultCell.swift */; };
		551999BF1D19B7D5001ABA6C /* CoreLocation.framework in Frameworks */ = {isa = PBXBuildFile; fileRef = 551999BE1D19B7D5001ABA6C /* CoreLocation.framework */; };
		551999C11D19B834001ABA6C /* MapKit.framework in Frameworks */ = {isa = PBXBuildFile; fileRef = 551999C01D19B834001ABA6C /* MapKit.framework */; };
		551999C51D19BCC5001ABA6C /* ic_explore_48pt_3x.png in Resources */ = {isa = PBXBuildFile; fileRef = 551999C41D19BCC5001ABA6C /* ic_explore_48pt_3x.png */; };
		551999C71D19C082001ABA6C /* locationsTableView.swift in Sources */ = {isa = PBXBuildFile; fileRef = 551999C61D19C082001ABA6C /* locationsTableView.swift */; };
		551AD6961CC919F10057175C /* ic_home_48pt_3x.png in Resources */ = {isa = PBXBuildFile; fileRef = 551AD6951CC919F10057175C /* ic_home_48pt_3x.png */; };
		551AD6981CC91A060057175C /* ic_star_48pt_3x.png in Resources */ = {isa = PBXBuildFile; fileRef = 551AD6971CC91A060057175C /* ic_star_48pt_3x.png */; };
		551AD69A1CC91C800057175C /* menu@3x.png in Resources */ = {isa = PBXBuildFile; fileRef = 551AD6991CC91C800057175C /* menu@3x.png */; };
		551AD69C1CC91E500057175C /* feedCell.swift in Sources */ = {isa = PBXBuildFile; fileRef = 551AD69B1CC91E500057175C /* feedCell.swift */; };
		551AD69E1CC91EE90057175C /* feedTableView.swift in Sources */ = {isa = PBXBuildFile; fileRef = 551AD69D1CC91EE90057175C /* feedTableView.swift */; };
		551AD6A01CC91F3B0057175C /* connection.swift in Sources */ = {isa = PBXBuildFile; fileRef = 551AD69F1CC91F3B0057175C /* connection.swift */; };
		5520F1081DA6B0A700EBBC45 /* Charts.framework in Frameworks */ = {isa = PBXBuildFile; fileRef = 5520F1031DA6B08600EBBC45 /* Charts.framework */; };
		5520F1091DA6B0A700EBBC45 /* Charts.framework in Embed Frameworks */ = {isa = PBXBuildFile; fileRef = 5520F1031DA6B08600EBBC45 /* Charts.framework */; settings = {ATTRIBUTES = (CodeSignOnCopy, RemoveHeadersOnCopy, ); }; };
		5520F1121DA6B0F300EBBC45 /* color.swift in Sources */ = {isa = PBXBuildFile; fileRef = 5520F10E1DA6B0F300EBBC45 /* color.swift */; };
		5520F1171DA6B78F00EBBC45 /* ic_format_list_numbered_48pt_3x.png in Resources */ = {isa = PBXBuildFile; fileRef = 5520F1161DA6B78F00EBBC45 /* ic_format_list_numbered_48pt_3x.png */; };
		5520F11C1DA6C39300EBBC45 /* chartViewController.swift in Sources */ = {isa = PBXBuildFile; fileRef = 5520F11B1DA6C39300EBBC45 /* chartViewController.swift */; };
		5520F1201DA6C3B500EBBC45 /* percentageViewController.swift in Sources */ = {isa = PBXBuildFile; fileRef = 5520F11F1DA6C3B500EBBC45 /* percentageViewController.swift */; };
		5524F45C1CF9BF9F004D15AB /* codeRadarTableView.swift in Sources */ = {isa = PBXBuildFile; fileRef = 5524F45B1CF9BF9F004D15AB /* codeRadarTableView.swift */; };
		552B274E1D57A25B0008C4C6 /* Screens in Resources */ = {isa = PBXBuildFile; fileRef = 552B274D1D57A25B0008C4C6 /* Screens */; };
		5530D6131CC923600024C969 /* noImageFeedCell.swift in Sources */ = {isa = PBXBuildFile; fileRef = 5530D6121CC923600024C969 /* noImageFeedCell.swift */; };
		5530D6151CC94B4C0024C969 /* ic_thumb_up_black_48dp_2x.png in Resources */ = {isa = PBXBuildFile; fileRef = 5530D6141CC94B4C0024C969 /* ic_thumb_up_black_48dp_2x.png */; };
		553C8F0F1CC94E2000FFA3C0 /* feedPage.swift in Sources */ = {isa = PBXBuildFile; fileRef = 553C8F0E1CC94E2000FFA3C0 /* feedPage.swift */; };
		553C8F111CC94FC700FFA3C0 /* tapToViewImage.swift in Sources */ = {isa = PBXBuildFile; fileRef = 553C8F101CC94FC700FFA3C0 /* tapToViewImage.swift */; };
		553C8F131CC952CF00FFA3C0 /* noImageFeedPage.swift in Sources */ = {isa = PBXBuildFile; fileRef = 553C8F121CC952CF00FFA3C0 /* noImageFeedPage.swift */; };
		554817601CF9B61D00505196 /* ic_code_48pt_3x.png in Resources */ = {isa = PBXBuildFile; fileRef = 5548175F1CF9B61D00505196 /* ic_code_48pt_3x.png */; };
		556667DC1DA18B2300EFC444 /* noImageFeedPageTest.swift in Sources */ = {isa = PBXBuildFile; fileRef = 556667DB1DA18B2300EFC444 /* noImageFeedPageTest.swift */; };
		556AB2AE1CCC16A6003F373B /* ic_theaters_48pt_3x.png in Resources */ = {isa = PBXBuildFile; fileRef = 556AB2AD1CCC16A6003F373B /* ic_theaters_48pt_3x.png */; };
		556AB2B01CCC1763003F373B /* youtubeTableViewController.swift in Sources */ = {isa = PBXBuildFile; fileRef = 556AB2AF1CCC1763003F373B /* youtubeTableViewController.swift */; };
		556AB2B21CCC17D0003F373B /* youtubeCell.swift in Sources */ = {isa = PBXBuildFile; fileRef = 556AB2B11CCC17D0003F373B /* youtubeCell.swift */; };
		556AB2B41CCC1865003F373B /* playerView.swift in Sources */ = {isa = PBXBuildFile; fileRef = 556AB2B31CCC1865003F373B /* playerView.swift */; };
		557400C11CCCCFA800C3B76C /* ic_person_48pt_3x.png in Resources */ = {isa = PBXBuildFile; fileRef = 557400C01CCCCFA800C3B76C /* ic_person_48pt_3x.png */; };
		557400C51CCCD08500C3B76C /* departmentCell.swift in Sources */ = {isa = PBXBuildFile; fileRef = 557400C21CCCD08500C3B76C /* departmentCell.swift */; };
		557400C61CCCD08500C3B76C /* professorCell.swift in Sources */ = {isa = PBXBuildFile; fileRef = 557400C31CCCD08500C3B76C /* professorCell.swift */; };
		557400C71CCCD08500C3B76C /* professorsTableView.swift in Sources */ = {isa = PBXBuildFile; fileRef = 557400C41CCCD08500C3B76C /* professorsTableView.swift */; };
		557400C91CCCD1BD00C3B76C /* professorsList.json in Resources */ = {isa = PBXBuildFile; fileRef = 557400C81CCCD1BD00C3B76C /* professorsList.json */; };
		557400CB1CCCD1DF00C3B76C /* departmentsTableView.swift in Sources */ = {isa = PBXBuildFile; fileRef = 557400CA1CCCD1DF00C3B76C /* departmentsTableView.swift */; };
		55869D241CC915B400FAF4F6 /* AppDelegate.swift in Sources */ = {isa = PBXBuildFile; fileRef = 55869D231CC915B400FAF4F6 /* AppDelegate.swift */; };
		55869D261CC915B400FAF4F6 /* ViewController.swift in Sources */ = {isa = PBXBuildFile; fileRef = 55869D251CC915B400FAF4F6 /* ViewController.swift */; };
		55869D291CC915B400FAF4F6 /* Main.storyboard in Resources */ = {isa = PBXBuildFile; fileRef = 55869D271CC915B400FAF4F6 /* Main.storyboard */; };
		55869D2B1CC915B400FAF4F6 /* Assets.xcassets in Resources */ = {isa = PBXBuildFile; fileRef = 55869D2A1CC915B400FAF4F6 /* Assets.xcassets */; };
		55869D2E1CC915B400FAF4F6 /* LaunchScreen.storyboard in Resources */ = {isa = PBXBuildFile; fileRef = 55869D2C1CC915B400FAF4F6 /* LaunchScreen.storyboard */; };
		559660091CCB3C7000DEDF1F /* customFeedTable.swift in Sources */ = {isa = PBXBuildFile; fileRef = 559660081CCB3C7000DEDF1F /* customFeedTable.swift */; };
		5596600B1CCB3F5500DEDF1F /* noImageCustomFeedCell.swift in Sources */ = {isa = PBXBuildFile; fileRef = 5596600A1CCB3F5500DEDF1F /* noImageCustomFeedCell.swift */; };
		5596600D1CCB3F6700DEDF1F /* feedSettings.swift in Sources */ = {isa = PBXBuildFile; fileRef = 5596600C1CCB3F6700DEDF1F /* feedSettings.swift */; };
		5596600F1CCB3F7900DEDF1F /* customFeedCell.swift in Sources */ = {isa = PBXBuildFile; fileRef = 5596600E1CCB3F7900DEDF1F /* customFeedCell.swift */; };
		559856811DAA933B0026221B /* subjects.json in Resources */ = {isa = PBXBuildFile; fileRef = 559856801DAA933B0026221B /* subjects.json */; };
		559D60231CC9E84C00143ECF /* RefreshContents.xib in Resources */ = {isa = PBXBuildFile; fileRef = 559D60221CC9E84C00143ECF /* RefreshContents.xib */; };
		55BB5F471D0825B5001F844E /* logo1.png in Resources */ = {isa = PBXBuildFile; fileRef = 55BB5F461D0825B5001F844E /* logo1.png */; };
		55D0EEAF1CFC2ECF003AD598 /* competitionPage.swift in Sources */ = {isa = PBXBuildFile; fileRef = 55D0EEAE1CFC2ECF003AD598 /* competitionPage.swift */; };
		55E1EC561CFF5B3000A7885D /* compCell.swift in Sources */ = {isa = PBXBuildFile; fileRef = 55E1EC551CFF5B3000A7885D /* compCell.swift */; };
		55E2FDAB1D06C8E4008F056E /* aagaz.png in Resources */ = {isa = PBXBuildFile; fileRef = 55E2FDA11D06C8E4008F056E /* aagaz.png */; };
		55E2FDAC1D06C8E4008F056E /* ashwamedh.png in Resources */ = {isa = PBXBuildFile; fileRef = 55E2FDA21D06C8E4008F056E /* ashwamedh.png */; };
		55E2FDAD1D06C8E4008F056E /* bullethawk.png in Resources */ = {isa = PBXBuildFile; fileRef = 55E2FDA31D06C8E4008F056E /* bullethawk.png */; };
		55E2FDAE1D06C8E4008F056E /* collegespace.png in Resources */ = {isa = PBXBuildFile; fileRef = 55E2FDA41D06C8E4008F056E /* collegespace.png */; };
		55E2FDAF1D06C8E4008F056E /* crosslinks.png in Resources */ = {isa = PBXBuildFile; fileRef = 55E2FDA51D06C8E4008F056E /* crosslinks.png */; };
		55E2FDB01D06C8E4008F056E /* csi.png in Resources */ = {isa = PBXBuildFile; fileRef = 55E2FDA61D06C8E4008F056E /* csi.png */; };
		55E2FDB11D06C8E4008F056E /* debsoc.png in Resources */ = {isa = PBXBuildFile; fileRef = 55E2FDA71D06C8E4008F056E /* debsoc.png */; };
		55E2FDB21D06C8E4008F056E /* enactus.png in Resources */ = {isa = PBXBuildFile; fileRef = 55E2FDA81D06C8E4008F056E /* enactus.png */; };
		55E2FDB41D06C8E4008F056E /* ieee.png in Resources */ = {isa = PBXBuildFile; fileRef = 55E2FDAA1D06C8E4008F056E /* ieee.png */; };
		55E2FDB61D06C9AC008F056E /* rotaract.png in Resources */ = {isa = PBXBuildFile; fileRef = 55E2FDB51D06C9AC008F056E /* rotaract.png */; };
		55E2FDB81D06CA2C008F056E /* quiz.png in Resources */ = {isa = PBXBuildFile; fileRef = 55E2FDB71D06CA2C008F056E /* quiz.png */; };
		55E566CF1D1A6AA900E13677 /* testFeedCell.swift in Sources */ = {isa = PBXBuildFile; fileRef = 55E566CE1D1A6AA900E13677 /* testFeedCell.swift */; };
		55E566D11D1A8F1200E13677 /* noImageTestFeedCell.swift in Sources */ = {isa = PBXBuildFile; fileRef = 55E566D01D1A8F1200E13677 /* noImageTestFeedCell.swift */; };
		55E566D31D1ACD7E00E13677 /* testCustomFeedCell.swift in Sources */ = {isa = PBXBuildFile; fileRef = 55E566D21D1ACD7E00E13677 /* testCustomFeedCell.swift */; };
		55E566D51D1AD2A600E13677 /* noImageTestCustomFeedCell.swift in Sources */ = {isa = PBXBuildFile; fileRef = 55E566D41D1AD2A600E13677 /* noImageTestCustomFeedCell.swift */; };
		55F3E7B11D6EEFEE00D96590 /* SDInstantArticleViewController.swift in Sources */ = {isa = PBXBuildFile; fileRef = 55F3E7B01D6EEFEE00D96590 /* SDInstantArticleViewController.swift */; };
		55FE24E91D06C3B900334763 /* feedSettingsCell.swift in Sources */ = {isa = PBXBuildFile; fileRef = 55FE24E81D06C3B900334763 /* feedSettingsCell.swift */; };
		55FE24EB1D06C5E200334763 /* junoon.png in Resources */ = {isa = PBXBuildFile; fileRef = 55FE24EA1D06C5E200334763 /* junoon.png */; };
		55FEC27C1D1C68EB00C7F389 /* ic_zoom_out_map_48pt_3x.png in Resources */ = {isa = PBXBuildFile; fileRef = 55FEC27B1D1C68EB00C7F389 /* ic_zoom_out_map_48pt_3x.png */; };
		55FEC2801D1C690E00C7F389 /* ic_settings_48pt_3x.png in Resources */ = {isa = PBXBuildFile; fileRef = 55FEC27F1D1C690E00C7F389 /* ic_settings_48pt_3x.png */; };
		55FEC2821D1D2A0F00C7F389 /* resultMapView.swift in Sources */ = {isa = PBXBuildFile; fileRef = 55FEC2811D1D2A0F00C7F389 /* resultMapView.swift */; };
/* End PBXBuildFile section */

/* Begin PBXContainerItemProxy section */
		5520F1021DA6B08600EBBC45 /* PBXContainerItemProxy */ = {
			isa = PBXContainerItemProxy;
			containerPortal = 5520F0FC1DA6B08600EBBC45 /* Charts.xcodeproj */;
			proxyType = 2;
			remoteGlobalIDString = 06165F241D8110E600722320;
			remoteInfo = Charts;
		};
		5520F1041DA6B08600EBBC45 /* PBXContainerItemProxy */ = {
			isa = PBXContainerItemProxy;
			containerPortal = 5520F0FC1DA6B08600EBBC45 /* Charts.xcodeproj */;
			proxyType = 2;
			remoteGlobalIDString = 06B120D51D811E6200D14B02;
			remoteInfo = ChartsRealm;
		};
		5520F1061DA6B08600EBBC45 /* PBXContainerItemProxy */ = {
			isa = PBXContainerItemProxy;
			containerPortal = 5520F0FC1DA6B08600EBBC45 /* Charts.xcodeproj */;
			proxyType = 2;
			remoteGlobalIDString = 06165F2E1D8110E600722320;
			remoteInfo = ChartsTests;
		};
		5520F10A1DA6B0A700EBBC45 /* PBXContainerItemProxy */ = {
			isa = PBXContainerItemProxy;
			containerPortal = 5520F0FC1DA6B08600EBBC45 /* Charts.xcodeproj */;
			proxyType = 1;
			remoteGlobalIDString = 06165F231D8110E600722320;
			remoteInfo = Charts;
		};
/* End PBXContainerItemProxy section */

/* Begin PBXCopyFilesBuildPhase section */
		5520F10C1DA6B0A700EBBC45 /* Embed Frameworks */ = {
			isa = PBXCopyFilesBuildPhase;
			buildActionMask = 2147483647;
			dstPath = "";
			dstSubfolderSpec = 10;
			files = (
				5520F1091DA6B0A700EBBC45 /* Charts.framework in Embed Frameworks */,
			);
			name = "Embed Frameworks";
			runOnlyForDeploymentPostprocessing = 0;
		};
/* End PBXCopyFilesBuildPhase section */

/* Begin PBXFileReference section */
		09042A680EADCA12C956FDD9 /* Pods-connectFinal.debug.xcconfig */ = {isa = PBXFileReference; includeInIndex = 1; lastKnownFileType = text.xcconfig; name = "Pods-connectFinal.debug.xcconfig"; path = "Pods/Target Support Files/Pods-connectFinal/Pods-connectFinal.debug.xcconfig"; sourceTree = "<group>"; };
		1671B914994E37E30B177345 /* Pods_connectFinal.framework */ = {isa = PBXFileReference; explicitFileType = wrapper.framework; includeInIndex = 0; path = Pods_connectFinal.framework; sourceTree = BUILT_PRODUCTS_DIR; };
		550DBA6A1D19C83100091851 /* locationTypeCell.swift */ = {isa = PBXFileReference; fileEncoding = 4; lastKnownFileType = sourcecode.swift; path = locationTypeCell.swift; sourceTree = "<group>"; };
		550DBA6C1D19D04C00091851 /* resultTableViewCell.swift */ = {isa = PBXFileReference; fileEncoding = 4; lastKnownFileType = sourcecode.swift; path = resultTableViewCell.swift; sourceTree = "<group>"; };
		550DBA6E1D19D20F00091851 /* resultsTableView.swift */ = {isa = PBXFileReference; fileEncoding = 4; lastKnownFileType = sourcecode.swift; path = resultsTableView.swift; sourceTree = "<group>"; };
		550DBA731D19DE1800091851 /* noImageResultCell.swift */ = {isa = PBXFileReference; fileEncoding = 4; lastKnownFileType = sourcecode.swift; path = noImageResultCell.swift; sourceTree = "<group>"; };
		551999BE1D19B7D5001ABA6C /* CoreLocation.framework */ = {isa = PBXFileReference; lastKnownFileType = wrapper.framework; name = CoreLocation.framework; path = System/Library/Frameworks/CoreLocation.framework; sourceTree = SDKROOT; };
		551999C01D19B834001ABA6C /* MapKit.framework */ = {isa = PBXFileReference; lastKnownFileType = wrapper.framework; name = MapKit.framework; path = System/Library/Frameworks/MapKit.framework; sourceTree = SDKROOT; };
		551999C41D19BCC5001ABA6C /* ic_explore_48pt_3x.png */ = {isa = PBXFileReference; lastKnownFileType = image.png; path = ic_explore_48pt_3x.png; sourceTree = "<group>"; };
		551999C61D19C082001ABA6C /* locationsTableView.swift */ = {isa = PBXFileReference; fileEncoding = 4; lastKnownFileType = sourcecode.swift; path = locationsTableView.swift; sourceTree = "<group>"; };
		551AD6951CC919F10057175C /* ic_home_48pt_3x.png */ = {isa = PBXFileReference; lastKnownFileType = image.png; path = ic_home_48pt_3x.png; sourceTree = "<group>"; };
		551AD6971CC91A060057175C /* ic_star_48pt_3x.png */ = {isa = PBXFileReference; lastKnownFileType = image.png; path = ic_star_48pt_3x.png; sourceTree = "<group>"; };
		551AD6991CC91C800057175C /* menu@3x.png */ = {isa = PBXFileReference; lastKnownFileType = image.png; path = "menu@3x.png"; sourceTree = "<group>"; };
		551AD69B1CC91E500057175C /* feedCell.swift */ = {isa = PBXFileReference; fileEncoding = 4; lastKnownFileType = sourcecode.swift; path = feedCell.swift; sourceTree = "<group>"; };
		551AD69D1CC91EE90057175C /* feedTableView.swift */ = {isa = PBXFileReference; fileEncoding = 4; lastKnownFileType = sourcecode.swift; path = feedTableView.swift; sourceTree = "<group>"; };
		551AD69F1CC91F3B0057175C /* connection.swift */ = {isa = PBXFileReference; fileEncoding = 4; lastKnownFileType = sourcecode.swift; path = connection.swift; sourceTree = "<group>"; };
		5520F0FC1DA6B08600EBBC45 /* Charts.xcodeproj */ = {isa = PBXFileReference; lastKnownFileType = "wrapper.pb-project"; name = Charts.xcodeproj; path = "../../Downloads/Charts-master-2/Charts.xcodeproj"; sourceTree = "<group>"; };
		5520F10E1DA6B0F300EBBC45 /* color.swift */ = {isa = PBXFileReference; fileEncoding = 4; lastKnownFileType = sourcecode.swift; name = color.swift; path = "../../../Downloads/percentageFinal-master/percentageFinal/color.swift"; sourceTree = "<group>"; };
		5520F1161DA6B78F00EBBC45 /* ic_format_list_numbered_48pt_3x.png */ = {isa = PBXFileReference; lastKnownFileType = image.png; name = ic_format_list_numbered_48pt_3x.png; path = ../../../Downloads/ic_format_list_numbered_black_48dp/ios/ic_format_list_numbered_48pt.imageset/ic_format_list_numbered_48pt_3x.png; sourceTree = "<group>"; };
		5520F11B1DA6C39300EBBC45 /* chartViewController.swift */ = {isa = PBXFileReference; fileEncoding = 4; lastKnownFileType = sourcecode.swift; name = chartViewController.swift; path = "../../iOS Test/percentageFinal/percentageFinal/chartViewController.swift"; sourceTree = "<group>"; };
		5520F11F1DA6C3B500EBBC45 /* percentageViewController.swift */ = {isa = PBXFileReference; fileEncoding = 4; lastKnownFileType = sourcecode.swift; name = percentageViewController.swift; path = "../../iOS Test/percentageFinal/percentageFinal/percentageViewController.swift"; sourceTree = "<group>"; };
		5524F45B1CF9BF9F004D15AB /* codeRadarTableView.swift */ = {isa = PBXFileReference; fileEncoding = 4; lastKnownFileType = sourcecode.swift; path = codeRadarTableView.swift; sourceTree = "<group>"; };
		552B274D1D57A25B0008C4C6 /* Screens */ = {isa = PBXFileReference; lastKnownFileType = folder; path = Screens; sourceTree = "<group>"; };
		5530D6121CC923600024C969 /* noImageFeedCell.swift */ = {isa = PBXFileReference; fileEncoding = 4; lastKnownFileType = sourcecode.swift; path = noImageFeedCell.swift; sourceTree = "<group>"; };
		5530D6141CC94B4C0024C969 /* ic_thumb_up_black_48dp_2x.png */ = {isa = PBXFileReference; lastKnownFileType = image.png; path = ic_thumb_up_black_48dp_2x.png; sourceTree = "<group>"; };
		553C8F0E1CC94E2000FFA3C0 /* feedPage.swift */ = {isa = PBXFileReference; fileEncoding = 4; lastKnownFileType = sourcecode.swift; path = feedPage.swift; sourceTree = "<group>"; };
		553C8F101CC94FC700FFA3C0 /* tapToViewImage.swift */ = {isa = PBXFileReference; fileEncoding = 4; lastKnownFileType = sourcecode.swift; path = tapToViewImage.swift; sourceTree = "<group>"; };
		553C8F121CC952CF00FFA3C0 /* noImageFeedPage.swift */ = {isa = PBXFileReference; fileEncoding = 4; lastKnownFileType = sourcecode.swift; path = noImageFeedPage.swift; sourceTree = "<group>"; };
		5548175F1CF9B61D00505196 /* ic_code_48pt_3x.png */ = {isa = PBXFileReference; lastKnownFileType = image.png; path = ic_code_48pt_3x.png; sourceTree = "<group>"; };
		556667DB1DA18B2300EFC444 /* noImageFeedPageTest.swift */ = {isa = PBXFileReference; fileEncoding = 4; lastKnownFileType = sourcecode.swift; path = noImageFeedPageTest.swift; sourceTree = "<group>"; };
		556AB2AD1CCC16A6003F373B /* ic_theaters_48pt_3x.png */ = {isa = PBXFileReference; lastKnownFileType = image.png; path = ic_theaters_48pt_3x.png; sourceTree = "<group>"; };
		556AB2AF1CCC1763003F373B /* youtubeTableViewController.swift */ = {isa = PBXFileReference; fileEncoding = 4; lastKnownFileType = sourcecode.swift; path = youtubeTableViewController.swift; sourceTree = "<group>"; };
		556AB2B11CCC17D0003F373B /* youtubeCell.swift */ = {isa = PBXFileReference; fileEncoding = 4; lastKnownFileType = sourcecode.swift; path = youtubeCell.swift; sourceTree = "<group>"; };
		556AB2B31CCC1865003F373B /* playerView.swift */ = {isa = PBXFileReference; fileEncoding = 4; lastKnownFileType = sourcecode.swift; path = playerView.swift; sourceTree = "<group>"; };
		556AB2B51CCC1889003F373B /* connect2-Bridging-Header.h */ = {isa = PBXFileReference; fileEncoding = 4; lastKnownFileType = sourcecode.c.h; path = "connect2-Bridging-Header.h"; sourceTree = "<group>"; };
		557400C01CCCCFA800C3B76C /* ic_person_48pt_3x.png */ = {isa = PBXFileReference; lastKnownFileType = image.png; path = ic_person_48pt_3x.png; sourceTree = "<group>"; };
		557400C21CCCD08500C3B76C /* departmentCell.swift */ = {isa = PBXFileReference; fileEncoding = 4; lastKnownFileType = sourcecode.swift; path = departmentCell.swift; sourceTree = "<group>"; };
		557400C31CCCD08500C3B76C /* professorCell.swift */ = {isa = PBXFileReference; fileEncoding = 4; lastKnownFileType = sourcecode.swift; path = professorCell.swift; sourceTree = "<group>"; };
		557400C41CCCD08500C3B76C /* professorsTableView.swift */ = {isa = PBXFileReference; fileEncoding = 4; lastKnownFileType = sourcecode.swift; path = professorsTableView.swift; sourceTree = "<group>"; };
		557400C81CCCD1BD00C3B76C /* professorsList.json */ = {isa = PBXFileReference; fileEncoding = 4; lastKnownFileType = text.json; path = professorsList.json; sourceTree = "<group>"; };
		557400CA1CCCD1DF00C3B76C /* departmentsTableView.swift */ = {isa = PBXFileReference; fileEncoding = 4; lastKnownFileType = sourcecode.swift; path = departmentsTableView.swift; sourceTree = "<group>"; };
		55869D201CC915B400FAF4F6 /* connectFinal.app */ = {isa = PBXFileReference; explicitFileType = wrapper.application; includeInIndex = 0; path = connectFinal.app; sourceTree = BUILT_PRODUCTS_DIR; };
		55869D231CC915B400FAF4F6 /* AppDelegate.swift */ = {isa = PBXFileReference; lastKnownFileType = sourcecode.swift; path = AppDelegate.swift; sourceTree = "<group>"; };
		55869D251CC915B400FAF4F6 /* ViewController.swift */ = {isa = PBXFileReference; lastKnownFileType = sourcecode.swift; path = ViewController.swift; sourceTree = "<group>"; };
		55869D281CC915B400FAF4F6 /* Base */ = {isa = PBXFileReference; lastKnownFileType = file.storyboard; name = Base; path = Base.lproj/Main.storyboard; sourceTree = "<group>"; };
		55869D2A1CC915B400FAF4F6 /* Assets.xcassets */ = {isa = PBXFileReference; lastKnownFileType = folder.assetcatalog; path = Assets.xcassets; sourceTree = "<group>"; };
		55869D2D1CC915B400FAF4F6 /* Base */ = {isa = PBXFileReference; lastKnownFileType = file.storyboard; name = Base; path = Base.lproj/LaunchScreen.storyboard; sourceTree = "<group>"; };
		55869D2F1CC915B400FAF4F6 /* Info.plist */ = {isa = PBXFileReference; lastKnownFileType = text.plist.xml; path = Info.plist; sourceTree = "<group>"; };
		559660081CCB3C7000DEDF1F /* customFeedTable.swift */ = {isa = PBXFileReference; fileEncoding = 4; lastKnownFileType = sourcecode.swift; path = customFeedTable.swift; sourceTree = "<group>"; };
		5596600A1CCB3F5500DEDF1F /* noImageCustomFeedCell.swift */ = {isa = PBXFileReference; fileEncoding = 4; lastKnownFileType = sourcecode.swift; path = noImageCustomFeedCell.swift; sourceTree = "<group>"; };
		5596600C1CCB3F6700DEDF1F /* feedSettings.swift */ = {isa = PBXFileReference; fileEncoding = 4; lastKnownFileType = sourcecode.swift; path = feedSettings.swift; sourceTree = "<group>"; };
		5596600E1CCB3F7900DEDF1F /* customFeedCell.swift */ = {isa = PBXFileReference; fileEncoding = 4; lastKnownFileType = sourcecode.swift; path = customFeedCell.swift; sourceTree = "<group>"; };
		559856801DAA933B0026221B /* subjects.json */ = {isa = PBXFileReference; fileEncoding = 4; lastKnownFileType = text.json; path = subjects.json; sourceTree = "<group>"; };
		559D60221CC9E84C00143ECF /* RefreshContents.xib */ = {isa = PBXFileReference; fileEncoding = 4; lastKnownFileType = file.xib; path = RefreshContents.xib; sourceTree = "<group>"; };
		55BB5F461D0825B5001F844E /* logo1.png */ = {isa = PBXFileReference; lastKnownFileType = image.png; path = logo1.png; sourceTree = "<group>"; };
		55D0EEAE1CFC2ECF003AD598 /* competitionPage.swift */ = {isa = PBXFileReference; fileEncoding = 4; lastKnownFileType = sourcecode.swift; path = competitionPage.swift; sourceTree = "<group>"; };
		55E1EC551CFF5B3000A7885D /* compCell.swift */ = {isa = PBXFileReference; fileEncoding = 4; lastKnownFileType = sourcecode.swift; path = compCell.swift; sourceTree = "<group>"; };
		55E2FDA11D06C8E4008F056E /* aagaz.png */ = {isa = PBXFileReference; lastKnownFileType = image.png; path = aagaz.png; sourceTree = "<group>"; };
		55E2FDA21D06C8E4008F056E /* ashwamedh.png */ = {isa = PBXFileReference; lastKnownFileType = image.png; path = ashwamedh.png; sourceTree = "<group>"; };
		55E2FDA31D06C8E4008F056E /* bullethawk.png */ = {isa = PBXFileReference; lastKnownFileType = image.png; path = bullethawk.png; sourceTree = "<group>"; };
		55E2FDA41D06C8E4008F056E /* collegespace.png */ = {isa = PBXFileReference; lastKnownFileType = image.png; path = collegespace.png; sourceTree = "<group>"; };
		55E2FDA51D06C8E4008F056E /* crosslinks.png */ = {isa = PBXFileReference; lastKnownFileType = image.png; path = crosslinks.png; sourceTree = "<group>"; };
		55E2FDA61D06C8E4008F056E /* csi.png */ = {isa = PBXFileReference; lastKnownFileType = image.png; path = csi.png; sourceTree = "<group>"; };
		55E2FDA71D06C8E4008F056E /* debsoc.png */ = {isa = PBXFileReference; lastKnownFileType = image.png; path = debsoc.png; sourceTree = "<group>"; };
		55E2FDA81D06C8E4008F056E /* enactus.png */ = {isa = PBXFileReference; lastKnownFileType = image.png; path = enactus.png; sourceTree = "<group>"; };
		55E2FDAA1D06C8E4008F056E /* ieee.png */ = {isa = PBXFileReference; lastKnownFileType = image.png; path = ieee.png; sourceTree = "<group>"; };
		55E2FDB51D06C9AC008F056E /* rotaract.png */ = {isa = PBXFileReference; lastKnownFileType = image.png; path = rotaract.png; sourceTree = "<group>"; };
		55E2FDB71D06CA2C008F056E /* quiz.png */ = {isa = PBXFileReference; lastKnownFileType = image.png; path = quiz.png; sourceTree = "<group>"; };
		55E566CE1D1A6AA900E13677 /* testFeedCell.swift */ = {isa = PBXFileReference; fileEncoding = 4; lastKnownFileType = sourcecode.swift; path = testFeedCell.swift; sourceTree = "<group>"; };
		55E566D01D1A8F1200E13677 /* noImageTestFeedCell.swift */ = {isa = PBXFileReference; fileEncoding = 4; lastKnownFileType = sourcecode.swift; path = noImageTestFeedCell.swift; sourceTree = "<group>"; };
		55E566D21D1ACD7E00E13677 /* testCustomFeedCell.swift */ = {isa = PBXFileReference; fileEncoding = 4; lastKnownFileType = sourcecode.swift; path = testCustomFeedCell.swift; sourceTree = "<group>"; };
		55E566D41D1AD2A600E13677 /* noImageTestCustomFeedCell.swift */ = {isa = PBXFileReference; fileEncoding = 4; lastKnownFileType = sourcecode.swift; path = noImageTestCustomFeedCell.swift; sourceTree = "<group>"; };
		55F3E7B01D6EEFEE00D96590 /* SDInstantArticleViewController.swift */ = {isa = PBXFileReference; fileEncoding = 4; lastKnownFileType = sourcecode.swift; path = SDInstantArticleViewController.swift; sourceTree = "<group>"; };
		55FE24E81D06C3B900334763 /* feedSettingsCell.swift */ = {isa = PBXFileReference; fileEncoding = 4; lastKnownFileType = sourcecode.swift; path = feedSettingsCell.swift; sourceTree = "<group>"; };
		55FE24EA1D06C5E200334763 /* junoon.png */ = {isa = PBXFileReference; lastKnownFileType = image.png; path = junoon.png; sourceTree = "<group>"; };
		55FEC27B1D1C68EB00C7F389 /* ic_zoom_out_map_48pt_3x.png */ = {isa = PBXFileReference; lastKnownFileType = image.png; path = ic_zoom_out_map_48pt_3x.png; sourceTree = "<group>"; };
		55FEC27F1D1C690E00C7F389 /* ic_settings_48pt_3x.png */ = {isa = PBXFileReference; lastKnownFileType = image.png; path = ic_settings_48pt_3x.png; sourceTree = "<group>"; };
		55FEC2811D1D2A0F00C7F389 /* resultMapView.swift */ = {isa = PBXFileReference; fileEncoding = 4; lastKnownFileType = sourcecode.swift; path = resultMapView.swift; sourceTree = "<group>"; };
		8B5F305EB34AA077FC612A91 /* Pods-connectFinal.release.xcconfig */ = {isa = PBXFileReference; includeInIndex = 1; lastKnownFileType = text.xcconfig; name = "Pods-connectFinal.release.xcconfig"; path = "Pods/Target Support Files/Pods-connectFinal/Pods-connectFinal.release.xcconfig"; sourceTree = "<group>"; };
/* End PBXFileReference section */

/* Begin PBXFrameworksBuildPhase section */
		55869D1D1CC915B400FAF4F6 /* Frameworks */ = {
			isa = PBXFrameworksBuildPhase;
			buildActionMask = 2147483647;
			files = (
				551999C11D19B834001ABA6C /* MapKit.framework in Frameworks */,
				5520F1081DA6B0A700EBBC45 /* Charts.framework in Frameworks */,
				551999BF1D19B7D5001ABA6C /* CoreLocation.framework in Frameworks */,
				466311B34D609159F05CD236 /* Pods_connectFinal.framework in Frameworks */,
			);
			runOnlyForDeploymentPostprocessing = 0;
		};
/* End PBXFrameworksBuildPhase section */

/* Begin PBXGroup section */
		5520F0FD1DA6B08600EBBC45 /* Products */ = {
			isa = PBXGroup;
			children = (
				5520F1031DA6B08600EBBC45 /* Charts.framework */,
				5520F1051DA6B08600EBBC45 /* ChartsRealm.framework */,
				5520F1071DA6B08600EBBC45 /* ChartsTests.xctest */,
			);
			name = Products;
			sourceTree = "<group>";
		};
		55869D171CC915B400FAF4F6 = {
			isa = PBXGroup;
			children = (
				55869D221CC915B400FAF4F6 /* connectFinal */,
				55869D211CC915B400FAF4F6 /* Products */,
				5520F0FC1DA6B08600EBBC45 /* Charts.xcodeproj */,
				96A553228DBA2AF4FD175D72 /* Pods */,
				F50C3ECBAAB5C1D3529DC7E7 /* Frameworks */,
			);
			sourceTree = "<group>";
		};
		55869D211CC915B400FAF4F6 /* Products */ = {
			isa = PBXGroup;
			children = (
				55869D201CC915B400FAF4F6 /* connectFinal.app */,
			);
			name = Products;
			sourceTree = "<group>";
		};
		55869D221CC915B400FAF4F6 /* connectFinal */ = {
			isa = PBXGroup;
			children = (
				552B274D1D57A25B0008C4C6 /* Screens */,
				559D60221CC9E84C00143ECF /* RefreshContents.xib */,
				55869D271CC915B400FAF4F6 /* Main.storyboard */,
				55BB5F461D0825B5001F844E /* logo1.png */,
				55E2FDB71D06CA2C008F056E /* quiz.png */,
				55E2FDA11D06C8E4008F056E /* aagaz.png */,
				55E2FDA21D06C8E4008F056E /* ashwamedh.png */,
				55E2FDA31D06C8E4008F056E /* bullethawk.png */,
				55E2FDA41D06C8E4008F056E /* collegespace.png */,
				55E2FDA51D06C8E4008F056E /* crosslinks.png */,
				55E2FDA61D06C8E4008F056E /* csi.png */,
				55E2FDA71D06C8E4008F056E /* debsoc.png */,
				55E2FDA81D06C8E4008F056E /* enactus.png */,
				55E2FDAA1D06C8E4008F056E /* ieee.png */,
				55E2FDB51D06C9AC008F056E /* rotaract.png */,
				55FE24EA1D06C5E200334763 /* junoon.png */,
				5520F1161DA6B78F00EBBC45 /* ic_format_list_numbered_48pt_3x.png */,
				55FEC27F1D1C690E00C7F389 /* ic_settings_48pt_3x.png */,
				55FEC27B1D1C68EB00C7F389 /* ic_zoom_out_map_48pt_3x.png */,
				551999C41D19BCC5001ABA6C /* ic_explore_48pt_3x.png */,
				5548175F1CF9B61D00505196 /* ic_code_48pt_3x.png */,
				5530D6141CC94B4C0024C969 /* ic_thumb_up_black_48dp_2x.png */,
				551AD6991CC91C800057175C /* menu@3x.png */,
				551AD6951CC919F10057175C /* ic_home_48pt_3x.png */,
				551AD6971CC91A060057175C /* ic_star_48pt_3x.png */,
				556AB2AD1CCC16A6003F373B /* ic_theaters_48pt_3x.png */,
				557400C01CCCCFA800C3B76C /* ic_person_48pt_3x.png */,
				559856801DAA933B0026221B /* subjects.json */,
				5520F11B1DA6C39300EBBC45 /* chartViewController.swift */,
				5520F10E1DA6B0F300EBBC45 /* color.swift */,
				5520F11F1DA6C3B500EBBC45 /* percentageViewController.swift */,
				55F3E7B01D6EEFEE00D96590 /* SDInstantArticleViewController.swift */,
				556667DB1DA18B2300EFC444 /* noImageFeedPageTest.swift */,
				55FEC2811D1D2A0F00C7F389 /* resultMapView.swift */,
				550DBA731D19DE1800091851 /* noImageResultCell.swift */,
				550DBA6C1D19D04C00091851 /* resultTableViewCell.swift */,
				550DBA6E1D19D20F00091851 /* resultsTableView.swift */,
				550DBA6A1D19C83100091851 /* locationTypeCell.swift */,
				551999C61D19C082001ABA6C /* locationsTableView.swift */,
				55E1EC551CFF5B3000A7885D /* compCell.swift */,
				55D0EEAE1CFC2ECF003AD598 /* competitionPage.swift */,
				5524F45B1CF9BF9F004D15AB /* codeRadarTableView.swift */,
				557400C81CCCD1BD00C3B76C /* professorsList.json */,
				557400CA1CCCD1DF00C3B76C /* departmentsTableView.swift */,
				557400C21CCCD08500C3B76C /* departmentCell.swift */,
				557400C31CCCD08500C3B76C /* professorCell.swift */,
				557400C41CCCD08500C3B76C /* professorsTableView.swift */,
				556AB2B31CCC1865003F373B /* playerView.swift */,
				556AB2B11CCC17D0003F373B /* youtubeCell.swift */,
				556AB2AF1CCC1763003F373B /* youtubeTableViewController.swift */,
				55FE24E81D06C3B900334763 /* feedSettingsCell.swift */,
				5596600C1CCB3F6700DEDF1F /* feedSettings.swift */,
				5596600E1CCB3F7900DEDF1F /* customFeedCell.swift */,
				55E566D41D1AD2A600E13677 /* noImageTestCustomFeedCell.swift */,
				55E566D21D1ACD7E00E13677 /* testCustomFeedCell.swift */,
				5596600A1CCB3F5500DEDF1F /* noImageCustomFeedCell.swift */,
				559660081CCB3C7000DEDF1F /* customFeedTable.swift */,
				553C8F121CC952CF00FFA3C0 /* noImageFeedPage.swift */,
				55869D231CC915B400FAF4F6 /* AppDelegate.swift */,
				55E566CE1D1A6AA900E13677 /* testFeedCell.swift */,
				55E566D01D1A8F1200E13677 /* noImageTestFeedCell.swift */,
				551AD69B1CC91E500057175C /* feedCell.swift */,
				5530D6121CC923600024C969 /* noImageFeedCell.swift */,
				551AD69D1CC91EE90057175C /* feedTableView.swift */,
				55869D251CC915B400FAF4F6 /* ViewController.swift */,
				551AD69F1CC91F3B0057175C /* connection.swift */,
				553C8F0E1CC94E2000FFA3C0 /* feedPage.swift */,
				553C8F101CC94FC700FFA3C0 /* tapToViewImage.swift */,
				556AB2B51CCC1889003F373B /* connect2-Bridging-Header.h */,
				55869D2A1CC915B400FAF4F6 /* Assets.xcassets */,
				55869D2C1CC915B400FAF4F6 /* LaunchScreen.storyboard */,
				55869D2F1CC915B400FAF4F6 /* Info.plist */,
			);
			path = connectFinal;
			sourceTree = "<group>";
		};
		96A553228DBA2AF4FD175D72 /* Pods */ = {
			isa = PBXGroup;
			children = (
				09042A680EADCA12C956FDD9 /* Pods-connectFinal.debug.xcconfig */,
				8B5F305EB34AA077FC612A91 /* Pods-connectFinal.release.xcconfig */,
			);
			name = Pods;
			sourceTree = "<group>";
		};
		F50C3ECBAAB5C1D3529DC7E7 /* Frameworks */ = {
			isa = PBXGroup;
			children = (
				551999C01D19B834001ABA6C /* MapKit.framework */,
				551999BE1D19B7D5001ABA6C /* CoreLocation.framework */,
				1671B914994E37E30B177345 /* Pods_connectFinal.framework */,
			);
			name = Frameworks;
			sourceTree = "<group>";
		};
/* End PBXGroup section */

/* Begin PBXNativeTarget section */
		55869D1F1CC915B400FAF4F6 /* connectFinal */ = {
			isa = PBXNativeTarget;
			buildConfigurationList = 55869D321CC915B400FAF4F6 /* Build configuration list for PBXNativeTarget "connectFinal" */;
			buildPhases = (
				4967DED956A5F35B9A4371A6 /* Check Pods Manifest.lock */,
				55869D1C1CC915B400FAF4F6 /* Sources */,
				55869D1D1CC915B400FAF4F6 /* Frameworks */,
				55869D1E1CC915B400FAF4F6 /* Resources */,
				5C227669F28767598D841538 /* Embed Pods Frameworks */,
				18AD7BEAD52A28ED792B49C2 /* Copy Pods Resources */,
				5520F10C1DA6B0A700EBBC45 /* Embed Frameworks */,
			);
			buildRules = (
			);
			dependencies = (
				5520F10B1DA6B0A700EBBC45 /* PBXTargetDependency */,
			);
			name = connectFinal;
			productName = connectFinal;
			productReference = 55869D201CC915B400FAF4F6 /* connectFinal.app */;
			productType = "com.apple.product-type.application";
		};
/* End PBXNativeTarget section */

/* Begin PBXProject section */
		55869D181CC915B400FAF4F6 /* Project object */ = {
			isa = PBXProject;
			attributes = {
				LastSwiftUpdateCheck = 0730;
				LastUpgradeCheck = 0800;
				ORGANIZATIONNAME = SwApp;
				TargetAttributes = {
					55869D1F1CC915B400FAF4F6 = {
						CreatedOnToolsVersion = 7.3;
						DevelopmentTeam = 3A9TH8N8KH;
						LastSwiftMigration = 0800;
					};
				};
			};
			buildConfigurationList = 55869D1B1CC915B400FAF4F6 /* Build configuration list for PBXProject "connectFinal" */;
			compatibilityVersion = "Xcode 3.2";
			developmentRegion = English;
			hasScannedForEncodings = 0;
			knownRegions = (
				en,
				Base,
			);
			mainGroup = 55869D171CC915B400FAF4F6;
			productRefGroup = 55869D211CC915B400FAF4F6 /* Products */;
			projectDirPath = "";
			projectReferences = (
				{
					ProductGroup = 5520F0FD1DA6B08600EBBC45 /* Products */;
					ProjectRef = 5520F0FC1DA6B08600EBBC45 /* Charts.xcodeproj */;
				},
			);
			projectRoot = "";
			targets = (
				55869D1F1CC915B400FAF4F6 /* connectFinal */,
			);
		};
/* End PBXProject section */

/* Begin PBXReferenceProxy section */
		5520F1031DA6B08600EBBC45 /* Charts.framework */ = {
			isa = PBXReferenceProxy;
			fileType = wrapper.framework;
			path = Charts.framework;
			remoteRef = 5520F1021DA6B08600EBBC45 /* PBXContainerItemProxy */;
			sourceTree = BUILT_PRODUCTS_DIR;
		};
		5520F1051DA6B08600EBBC45 /* ChartsRealm.framework */ = {
			isa = PBXReferenceProxy;
			fileType = wrapper.framework;
			path = ChartsRealm.framework;
			remoteRef = 5520F1041DA6B08600EBBC45 /* PBXContainerItemProxy */;
			sourceTree = BUILT_PRODUCTS_DIR;
		};
		5520F1071DA6B08600EBBC45 /* ChartsTests.xctest */ = {
			isa = PBXReferenceProxy;
			fileType = wrapper.cfbundle;
			path = ChartsTests.xctest;
			remoteRef = 5520F1061DA6B08600EBBC45 /* PBXContainerItemProxy */;
			sourceTree = BUILT_PRODUCTS_DIR;
		};
/* End PBXReferenceProxy section */

/* Begin PBXResourcesBuildPhase section */
		55869D1E1CC915B400FAF4F6 /* Resources */ = {
			isa = PBXResourcesBuildPhase;
			buildActionMask = 2147483647;
			files = (
				55FEC27C1D1C68EB00C7F389 /* ic_zoom_out_map_48pt_3x.png in Resources */,
				55869D2E1CC915B400FAF4F6 /* LaunchScreen.storyboard in Resources */,
				559D60231CC9E84C00143ECF /* RefreshContents.xib in Resources */,
				55BB5F471D0825B5001F844E /* logo1.png in Resources */,
				55E2FDB01D06C8E4008F056E /* csi.png in Resources */,
				551AD6981CC91A060057175C /* ic_star_48pt_3x.png in Resources */,
				55E2FDB41D06C8E4008F056E /* ieee.png in Resources */,
				557400C91CCCD1BD00C3B76C /* professorsList.json in Resources */,
				55E2FDAD1D06C8E4008F056E /* bullethawk.png in Resources */,
				55E2FDAC1D06C8E4008F056E /* ashwamedh.png in Resources */,
				556AB2AE1CCC16A6003F373B /* ic_theaters_48pt_3x.png in Resources */,
				55FEC2801D1C690E00C7F389 /* ic_settings_48pt_3x.png in Resources */,
				55869D2B1CC915B400FAF4F6 /* Assets.xcassets in Resources */,
				55E2FDB11D06C8E4008F056E /* debsoc.png in Resources */,
				55E2FDAE1D06C8E4008F056E /* collegespace.png in Resources */,
				5520F1171DA6B78F00EBBC45 /* ic_format_list_numbered_48pt_3x.png in Resources */,
				5530D6151CC94B4C0024C969 /* ic_thumb_up_black_48dp_2x.png in Resources */,
				55869D291CC915B400FAF4F6 /* Main.storyboard in Resources */,
				55E2FDAB1D06C8E4008F056E /* aagaz.png in Resources */,
				55E2FDAF1D06C8E4008F056E /* crosslinks.png in Resources */,
				551AD69A1CC91C800057175C /* menu@3x.png in Resources */,
				554817601CF9B61D00505196 /* ic_code_48pt_3x.png in Resources */,
				55E2FDB61D06C9AC008F056E /* rotaract.png in Resources */,
				559856811DAA933B0026221B /* subjects.json in Resources */,
				55FE24EB1D06C5E200334763 /* junoon.png in Resources */,
				55E2FDB81D06CA2C008F056E /* quiz.png in Resources */,
				55E2FDB21D06C8E4008F056E /* enactus.png in Resources */,
				551AD6961CC919F10057175C /* ic_home_48pt_3x.png in Resources */,
				551999C51D19BCC5001ABA6C /* ic_explore_48pt_3x.png in Resources */,
				557400C11CCCCFA800C3B76C /* ic_person_48pt_3x.png in Resources */,
				552B274E1D57A25B0008C4C6 /* Screens in Resources */,
			);
			runOnlyForDeploymentPostprocessing = 0;
		};
/* End PBXResourcesBuildPhase section */

/* Begin PBXShellScriptBuildPhase section */
		18AD7BEAD52A28ED792B49C2 /* Copy Pods Resources */ = {
			isa = PBXShellScriptBuildPhase;
			buildActionMask = 2147483647;
			files = (
			);
			inputPaths = (
			);
			name = "Copy Pods Resources";
			outputPaths = (
			);
			runOnlyForDeploymentPostprocessing = 0;
			shellPath = /bin/sh;
			shellScript = "\"${SRCROOT}/Pods/Target Support Files/Pods-connectFinal/Pods-connectFinal-resources.sh\"\n";
			showEnvVarsInLog = 0;
		};
		4967DED956A5F35B9A4371A6 /* Check Pods Manifest.lock */ = {
			isa = PBXShellScriptBuildPhase;
			buildActionMask = 2147483647;
			files = (
			);
			inputPaths = (
			);
			name = "Check Pods Manifest.lock";
			outputPaths = (
			);
			runOnlyForDeploymentPostprocessing = 0;
			shellPath = /bin/sh;
			shellScript = "diff \"${PODS_ROOT}/../Podfile.lock\" \"${PODS_ROOT}/Manifest.lock\" > /dev/null\nif [[ $? != 0 ]] ; then\n    cat << EOM\nerror: The sandbox is not in sync with the Podfile.lock. Run 'pod install' or update your CocoaPods installation.\nEOM\n    exit 1\nfi\n";
			showEnvVarsInLog = 0;
		};
		5C227669F28767598D841538 /* Embed Pods Frameworks */ = {
			isa = PBXShellScriptBuildPhase;
			buildActionMask = 2147483647;
			files = (
			);
			inputPaths = (
			);
			name = "Embed Pods Frameworks";
			outputPaths = (
			);
			runOnlyForDeploymentPostprocessing = 0;
			shellPath = /bin/sh;
			shellScript = "\"${SRCROOT}/Pods/Target Support Files/Pods-connectFinal/Pods-connectFinal-frameworks.sh\"\n";
			showEnvVarsInLog = 0;
		};
/* End PBXShellScriptBuildPhase section */

/* Begin PBXSourcesBuildPhase section */
		55869D1C1CC915B400FAF4F6 /* Sources */ = {
			isa = PBXSourcesBuildPhase;
			buildActionMask = 2147483647;
			files = (
				5530D6131CC923600024C969 /* noImageFeedCell.swift in Sources */,
				55E566D51D1AD2A600E13677 /* noImageTestCustomFeedCell.swift in Sources */,
				55869D261CC915B400FAF4F6 /* ViewController.swift in Sources */,
				55E566D31D1ACD7E00E13677 /* testCustomFeedCell.swift in Sources */,
				550DBA6F1D19D20F00091851 /* resultsTableView.swift in Sources */,
				5520F11C1DA6C39300EBBC45 /* chartViewController.swift in Sources */,
				5520F1121DA6B0F300EBBC45 /* color.swift in Sources */,
				553C8F131CC952CF00FFA3C0 /* noImageFeedPage.swift in Sources */,
				557400C61CCCD08500C3B76C /* professorCell.swift in Sources */,
				550DBA741D19DE1800091851 /* noImageResultCell.swift in Sources */,
				556AB2B41CCC1865003F373B /* playerView.swift in Sources */,
				559660091CCB3C7000DEDF1F /* customFeedTable.swift in Sources */,
				55FEC2821D1D2A0F00C7F389 /* resultMapView.swift in Sources */,
				557400C71CCCD08500C3B76C /* professorsTableView.swift in Sources */,
				5596600B1CCB3F5500DEDF1F /* noImageCustomFeedCell.swift in Sources */,
				55E1EC561CFF5B3000A7885D /* compCell.swift in Sources */,
				551AD69E1CC91EE90057175C /* feedTableView.swift in Sources */,
				551AD6A01CC91F3B0057175C /* connection.swift in Sources */,
				557400C51CCCD08500C3B76C /* departmentCell.swift in Sources */,
				5596600F1CCB3F7900DEDF1F /* customFeedCell.swift in Sources */,
				55D0EEAF1CFC2ECF003AD598 /* competitionPage.swift in Sources */,
				55F3E7B11D6EEFEE00D96590 /* SDInstantArticleViewController.swift in Sources */,
				55FE24E91D06C3B900334763 /* feedSettingsCell.swift in Sources */,
				556667DC1DA18B2300EFC444 /* noImageFeedPageTest.swift in Sources */,
				551AD69C1CC91E500057175C /* feedCell.swift in Sources */,
				551999C71D19C082001ABA6C /* locationsTableView.swift in Sources */,
				55E566CF1D1A6AA900E13677 /* testFeedCell.swift in Sources */,
				553C8F111CC94FC700FFA3C0 /* tapToViewImage.swift in Sources */,
				550DBA6B1D19C83100091851 /* locationTypeCell.swift in Sources */,
				5520F1201DA6C3B500EBBC45 /* percentageViewController.swift in Sources */,
				553C8F0F1CC94E2000FFA3C0 /* feedPage.swift in Sources */,
				557400CB1CCCD1DF00C3B76C /* departmentsTableView.swift in Sources */,
				5596600D1CCB3F6700DEDF1F /* feedSettings.swift in Sources */,
				5524F45C1CF9BF9F004D15AB /* codeRadarTableView.swift in Sources */,
				556AB2B21CCC17D0003F373B /* youtubeCell.swift in Sources */,
				55E566D11D1A8F1200E13677 /* noImageTestFeedCell.swift in Sources */,
				550DBA6D1D19D04C00091851 /* resultTableViewCell.swift in Sources */,
				556AB2B01CCC1763003F373B /* youtubeTableViewController.swift in Sources */,
				55869D241CC915B400FAF4F6 /* AppDelegate.swift in Sources */,
			);
			runOnlyForDeploymentPostprocessing = 0;
		};
/* End PBXSourcesBuildPhase section */

/* Begin PBXTargetDependency section */
		5520F10B1DA6B0A700EBBC45 /* PBXTargetDependency */ = {
			isa = PBXTargetDependency;
			name = Charts;
			targetProxy = 5520F10A1DA6B0A700EBBC45 /* PBXContainerItemProxy */;
		};
/* End PBXTargetDependency section */

/* Begin PBXVariantGroup section */
		55869D271CC915B400FAF4F6 /* Main.storyboard */ = {
			isa = PBXVariantGroup;
			children = (
				55869D281CC915B400FAF4F6 /* Base */,
			);
			name = Main.storyboard;
			sourceTree = "<group>";
		};
		55869D2C1CC915B400FAF4F6 /* LaunchScreen.storyboard */ = {
			isa = PBXVariantGroup;
			children = (
				55869D2D1CC915B400FAF4F6 /* Base */,
			);
			name = LaunchScreen.storyboard;
			sourceTree = "<group>";
		};
/* End PBXVariantGroup section */

/* Begin XCBuildConfiguration section */
		55869D301CC915B400FAF4F6 /* Debug */ = {
			isa = XCBuildConfiguration;
			buildSettings = {
				ALWAYS_SEARCH_USER_PATHS = NO;
				CLANG_ANALYZER_NONNULL = YES;
				CLANG_CXX_LANGUAGE_STANDARD = "gnu++0x";
				CLANG_CXX_LIBRARY = "libc++";
				CLANG_ENABLE_MODULES = YES;
				CLANG_ENABLE_OBJC_ARC = YES;
				CLANG_WARN_BOOL_CONVERSION = YES;
				CLANG_WARN_CONSTANT_CONVERSION = YES;
				CLANG_WARN_DIRECT_OBJC_ISA_USAGE = YES_ERROR;
				CLANG_WARN_EMPTY_BODY = YES;
				CLANG_WARN_ENUM_CONVERSION = YES;
				CLANG_WARN_INFINITE_RECURSION = YES;
				CLANG_WARN_INT_CONVERSION = YES;
				CLANG_WARN_OBJC_ROOT_CLASS = YES_ERROR;
				CLANG_WARN_SUSPICIOUS_MOVE = YES;
				CLANG_WARN_UNREACHABLE_CODE = YES;
				CLANG_WARN__DUPLICATE_METHOD_MATCH = YES;
				"CODE_SIGN_IDENTITY[sdk=iphoneos*]" = "iPhone Developer";
				COPY_PHASE_STRIP = NO;
				DEBUG_INFORMATION_FORMAT = dwarf;
				ENABLE_STRICT_OBJC_MSGSEND = YES;
				ENABLE_TESTABILITY = YES;
				GCC_C_LANGUAGE_STANDARD = gnu99;
				GCC_DYNAMIC_NO_PIC = NO;
				GCC_NO_COMMON_BLOCKS = YES;
				GCC_OPTIMIZATION_LEVEL = 0;
				GCC_PREPROCESSOR_DEFINITIONS = (
					"DEBUG=1",
					"$(inherited)",
				);
				GCC_WARN_64_TO_32_BIT_CONVERSION = YES;
				GCC_WARN_ABOUT_RETURN_TYPE = YES_ERROR;
				GCC_WARN_UNDECLARED_SELECTOR = YES;
				GCC_WARN_UNINITIALIZED_AUTOS = YES_AGGRESSIVE;
				GCC_WARN_UNUSED_FUNCTION = YES;
				GCC_WARN_UNUSED_VARIABLE = YES;
				IPHONEOS_DEPLOYMENT_TARGET = 9.0;
				MTL_ENABLE_DEBUG_INFO = YES;
				ONLY_ACTIVE_ARCH = YES;
				SDKROOT = iphoneos;
				SWIFT_OPTIMIZATION_LEVEL = "-Onone";
			};
			name = Debug;
		};
		55869D311CC915B400FAF4F6 /* Release */ = {
			isa = XCBuildConfiguration;
			buildSettings = {
				ALWAYS_SEARCH_USER_PATHS = NO;
				CLANG_ANALYZER_NONNULL = YES;
				CLANG_CXX_LANGUAGE_STANDARD = "gnu++0x";
				CLANG_CXX_LIBRARY = "libc++";
				CLANG_ENABLE_MODULES = YES;
				CLANG_ENABLE_OBJC_ARC = YES;
				CLANG_WARN_BOOL_CONVERSION = YES;
				CLANG_WARN_CONSTANT_CONVERSION = YES;
				CLANG_WARN_DIRECT_OBJC_ISA_USAGE = YES_ERROR;
				CLANG_WARN_EMPTY_BODY = YES;
				CLANG_WARN_ENUM_CONVERSION = YES;
				CLANG_WARN_INFINITE_RECURSION = YES;
				CLANG_WARN_INT_CONVERSION = YES;
				CLANG_WARN_OBJC_ROOT_CLASS = YES_ERROR;
				CLANG_WARN_SUSPICIOUS_MOVE = YES;
				CLANG_WARN_UNREACHABLE_CODE = YES;
				CLANG_WARN__DUPLICATE_METHOD_MATCH = YES;
				"CODE_SIGN_IDENTITY[sdk=iphoneos*]" = "iPhone Developer";
				COPY_PHASE_STRIP = NO;
				DEBUG_INFORMATION_FORMAT = "dwarf-with-dsym";
				ENABLE_NS_ASSERTIONS = NO;
				ENABLE_STRICT_OBJC_MSGSEND = YES;
				GCC_C_LANGUAGE_STANDARD = gnu99;
				GCC_NO_COMMON_BLOCKS = YES;
				GCC_WARN_64_TO_32_BIT_CONVERSION = YES;
				GCC_WARN_ABOUT_RETURN_TYPE = YES_ERROR;
				GCC_WARN_UNDECLARED_SELECTOR = YES;
				GCC_WARN_UNINITIALIZED_AUTOS = YES_AGGRESSIVE;
				GCC_WARN_UNUSED_FUNCTION = YES;
				GCC_WARN_UNUSED_VARIABLE = YES;
				IPHONEOS_DEPLOYMENT_TARGET = 9.0;
				MTL_ENABLE_DEBUG_INFO = NO;
				SDKROOT = iphoneos;
				SWIFT_OPTIMIZATION_LEVEL = "-Owholemodule";
				VALIDATE_PRODUCT = YES;
			};
			name = Release;
		};
		55869D331CC915B400FAF4F6 /* Debug */ = {
			isa = XCBuildConfiguration;
			baseConfigurationReference = 09042A680EADCA12C956FDD9 /* Pods-connectFinal.debug.xcconfig */;
			buildSettings = {
				ALWAYS_EMBED_SWIFT_STANDARD_LIBRARIES = YES;
				ASSETCATALOG_COMPILER_APPICON_NAME = AppIcon;
				CLANG_ENABLE_MODULES = YES;
				"CODE_SIGN_ENTITLEMENTS[sdk=*]" = "";
				CODE_SIGN_IDENTITY = "iPhone Developer";
				"CODE_SIGN_IDENTITY[sdk=iphoneos*]" = "iPhone Developer";
				INFOPLIST_FILE = connectFinal/Info.plist;
				IPHONEOS_DEPLOYMENT_TARGET = 9.0;
				LD_RUNPATH_SEARCH_PATHS = "$(inherited) @executable_path/Frameworks";
				PRODUCT_BUNDLE_IDENTIFIER = "com.Swapnil-Dhanwal.NSIT-Connect";
				PRODUCT_NAME = connectFinal;
				PROVISIONING_PROFILE = "";
				SWIFT_OBJC_INTERFACE_HEADER_NAME = "connect2-Bridging-Header.h";
				SWIFT_OPTIMIZATION_LEVEL = "-Onone";
				SWIFT_VERSION = 3.0;
			};
			name = Debug;
		};
		55869D341CC915B400FAF4F6 /* Release */ = {
			isa = XCBuildConfiguration;
			baseConfigurationReference = 8B5F305EB34AA077FC612A91 /* Pods-connectFinal.release.xcconfig */;
			buildSettings = {
				ALWAYS_EMBED_SWIFT_STANDARD_LIBRARIES = YES;
				ASSETCATALOG_COMPILER_APPICON_NAME = AppIcon;
				CLANG_ENABLE_MODULES = YES;
				CODE_SIGN_IDENTITY = "iPhone Developer";
				"CODE_SIGN_IDENTITY[sdk=iphoneos*]" = "iPhone Developer";
				INFOPLIST_FILE = connectFinal/Info.plist;
				IPHONEOS_DEPLOYMENT_TARGET = 9.0;
				LD_RUNPATH_SEARCH_PATHS = "$(inherited) @executable_path/Frameworks";
				PRODUCT_BUNDLE_IDENTIFIER = "com.Swapnil-Dhanwal.NSIT-Connect";
				PRODUCT_NAME = connectFinal;
				PROVISIONING_PROFILE = "";
				SWIFT_OBJC_INTERFACE_HEADER_NAME = "connect2-Bridging-Header.h";
				SWIFT_VERSION = 3.0;
			};
			name = Release;
		};
/* End XCBuildConfiguration section */

/* Begin XCConfigurationList section */
		55869D1B1CC915B400FAF4F6 /* Build configuration list for PBXProject "connectFinal" */ = {
			isa = XCConfigurationList;
			buildConfigurations = (
				55869D301CC915B400FAF4F6 /* Debug */,
				55869D311CC915B400FAF4F6 /* Release */,
			);
			defaultConfigurationIsVisible = 0;
			defaultConfigurationName = Release;
		};
		55869D321CC915B400FAF4F6 /* Build configuration list for PBXNativeTarget "connectFinal" */ = {
			isa = XCConfigurationList;
			buildConfigurations = (
				55869D331CC915B400FAF4F6 /* Debug */,
				55869D341CC915B400FAF4F6 /* Release */,
			);
			defaultConfigurationIsVisible = 0;
			defaultConfigurationName = Release;
		};
/* End XCConfigurationList section */
	};
	rootObject = 55869D181CC915B400FAF4F6 /* Project object */;
}
